// !$*UTF8*$!
{
	archiveVersion = 1;
	classes = {
	};
	objectVersion = 46;
	objects = {

/* Begin PBXBuildFile section */
		C31F304C1EF02943004A8DB4 /* AppDelegate.swift in Sources */ = {isa = PBXBuildFile; fileRef = C31F304B1EF02943004A8DB4 /* AppDelegate.swift */; };
		C31F304E1EF02943004A8DB4 /* ViewController.swift in Sources */ = {isa = PBXBuildFile; fileRef = C31F304D1EF02943004A8DB4 /* ViewController.swift */; };
		C31F30511EF02943004A8DB4 /* Main.storyboard in Resources */ = {isa = PBXBuildFile; fileRef = C31F304F1EF02943004A8DB4 /* Main.storyboard */; };
		C31F30531EF02943004A8DB4 /* Assets.xcassets in Resources */ = {isa = PBXBuildFile; fileRef = C31F30521EF02943004A8DB4 /* Assets.xcassets */; };
		C31F30561EF02943004A8DB4 /* LaunchScreen.storyboard in Resources */ = {isa = PBXBuildFile; fileRef = C31F30541EF02943004A8DB4 /* LaunchScreen.storyboard */; };
		C31F30611EF02943004A8DB4 /* PokedexTests.swift in Sources */ = {isa = PBXBuildFile; fileRef = C31F30601EF02943004A8DB4 /* PokedexTests.swift */; };
		C31F306C1EF02943004A8DB4 /* PokedexUITests.swift in Sources */ = {isa = PBXBuildFile; fileRef = C31F306B1EF02943004A8DB4 /* PokedexUITests.swift */; };
		C31F307A1EF02A46004A8DB4 /* Pokemon.swift in Sources */ = {isa = PBXBuildFile; fileRef = C31F30791EF02A46004A8DB4 /* Pokemon.swift */; };
		C31F307E1EF03584004A8DB4 /* PokCell.swift in Sources */ = {isa = PBXBuildFile; fileRef = C31F307D1EF03584004A8DB4 /* PokCell.swift */; };
/* End PBXBuildFile section */

/* Begin PBXContainerItemProxy section */
		C31F305D1EF02943004A8DB4 /* PBXContainerItemProxy */ = {
			isa = PBXContainerItemProxy;
			containerPortal = C31F30401EF02943004A8DB4 /* Project object */;
			proxyType = 1;
			remoteGlobalIDString = C31F30471EF02943004A8DB4;
			remoteInfo = Pokedex;
		};
		C31F30681EF02943004A8DB4 /* PBXContainerItemProxy */ = {
			isa = PBXContainerItemProxy;
			containerPortal = C31F30401EF02943004A8DB4 /* Project object */;
			proxyType = 1;
			remoteGlobalIDString = C31F30471EF02943004A8DB4;
			remoteInfo = Pokedex;
		};
/* End PBXContainerItemProxy section */

/* Begin PBXFileReference section */
		C31F30481EF02943004A8DB4 /* Pokedex.app */ = {isa = PBXFileReference; explicitFileType = wrapper.application; includeInIndex = 0; path = Pokedex.app; sourceTree = BUILT_PRODUCTS_DIR; };
		C31F304B1EF02943004A8DB4 /* AppDelegate.swift */ = {isa = PBXFileReference; lastKnownFileType = sourcecode.swift; path = AppDelegate.swift; sourceTree = "<group>"; };
		C31F304D1EF02943004A8DB4 /* ViewController.swift */ = {isa = PBXFileReference; lastKnownFileType = sourcecode.swift; path = ViewController.swift; sourceTree = "<group>"; };
		C31F30501EF02943004A8DB4 /* Base */ = {isa = PBXFileReference; lastKnownFileType = file.storyboard; name = Base; path = Base.lproj/Main.storyboard; sourceTree = "<group>"; };
		C31F30521EF02943004A8DB4 /* Assets.xcassets */ = {isa = PBXFileReference; lastKnownFileType = folder.assetcatalog; path = Assets.xcassets; sourceTree = "<group>"; };
		C31F30551EF02943004A8DB4 /* Base */ = {isa = PBXFileReference; lastKnownFileType = file.storyboard; name = Base; path = Base.lproj/LaunchScreen.storyboard; sourceTree = "<group>"; };
		C31F30571EF02943004A8DB4 /* Info.plist */ = {isa = PBXFileReference; lastKnownFileType = text.plist.xml; path = Info.plist; sourceTree = "<group>"; };
		C31F305C1EF02943004A8DB4 /* PokedexTests.xctest */ = {isa = PBXFileReference; explicitFileType = wrapper.cfbundle; includeInIndex = 0; path = PokedexTests.xctest; sourceTree = BUILT_PRODUCTS_DIR; };
		C31F30601EF02943004A8DB4 /* PokedexTests.swift */ = {isa = PBXFileReference; lastKnownFileType = sourcecode.swift; path = PokedexTests.swift; sourceTree = "<group>"; };
		C31F30621EF02943004A8DB4 /* Info.plist */ = {isa = PBXFileReference; lastKnownFileType = text.plist.xml; path = Info.plist; sourceTree = "<group>"; };
		C31F30671EF02943004A8DB4 /* PokedexUITests.xctest */ = {isa = PBXFileReference; explicitFileType = wrapper.cfbundle; includeInIndex = 0; path = PokedexUITests.xctest; sourceTree = BUILT_PRODUCTS_DIR; };
		C31F306B1EF02943004A8DB4 /* PokedexUITests.swift */ = {isa = PBXFileReference; lastKnownFileType = sourcecode.swift; path = PokedexUITests.swift; sourceTree = "<group>"; };
		C31F306D1EF02943004A8DB4 /* Info.plist */ = {isa = PBXFileReference; lastKnownFileType = text.plist.xml; path = Info.plist; sourceTree = "<group>"; };
		C31F30791EF02A46004A8DB4 /* Pokemon.swift */ = {isa = PBXFileReference; fileEncoding = 4; lastKnownFileType = sourcecode.swift; path = Pokemon.swift; sourceTree = "<group>"; };
		C31F307D1EF03584004A8DB4 /* PokCell.swift */ = {isa = PBXFileReference; fileEncoding = 4; lastKnownFileType = sourcecode.swift; path = PokCell.swift; sourceTree = "<group>"; };
/* End PBXFileReference section */

/* Begin PBXFrameworksBuildPhase section */
		C31F30451EF02943004A8DB4 /* Frameworks */ = {
			isa = PBXFrameworksBuildPhase;
			buildActionMask = 2147483647;
			files = (
			);
			runOnlyForDeploymentPostprocessing = 0;
		};
		C31F30591EF02943004A8DB4 /* Frameworks */ = {
			isa = PBXFrameworksBuildPhase;
			buildActionMask = 2147483647;
			files = (
			);
			runOnlyForDeploymentPostprocessing = 0;
		};
		C31F30641EF02943004A8DB4 /* Frameworks */ = {
			isa = PBXFrameworksBuildPhase;
			buildActionMask = 2147483647;
			files = (
			);
			runOnlyForDeploymentPostprocessing = 0;
		};
/* End PBXFrameworksBuildPhase section */

/* Begin PBXGroup section */
		C31F303F1EF02943004A8DB4 = {
			isa = PBXGroup;
			children = (
				C31F304A1EF02943004A8DB4 /* Pokedex */,
				C31F305F1EF02943004A8DB4 /* PokedexTests */,
				C31F306A1EF02943004A8DB4 /* PokedexUITests */,
				C31F30491EF02943004A8DB4 /* Products */,
			);
			sourceTree = "<group>";
		};
		C31F30491EF02943004A8DB4 /* Products */ = {
			isa = PBXGroup;
			children = (
				C31F30481EF02943004A8DB4 /* Pokedex.app */,
				C31F305C1EF02943004A8DB4 /* PokedexTests.xctest */,
				C31F30671EF02943004A8DB4 /* PokedexUITests.xctest */,
			);
			name = Products;
			sourceTree = "<group>";
		};
		C31F304A1EF02943004A8DB4 /* Pokedex */ = {
			isa = PBXGroup;
			children = (
				C31F307C1EF03543004A8DB4 /* View */,
				C31F307B1EF02A4D004A8DB4 /* Model */,
				C31F304B1EF02943004A8DB4 /* AppDelegate.swift */,
				C31F304D1EF02943004A8DB4 /* ViewController.swift */,
				C31F304F1EF02943004A8DB4 /* Main.storyboard */,
				C31F30521EF02943004A8DB4 /* Assets.xcassets */,
				C31F30541EF02943004A8DB4 /* LaunchScreen.storyboard */,
				C31F30571EF02943004A8DB4 /* Info.plist */,
			);
			path = Pokedex;
			sourceTree = "<group>";
		};
		C31F305F1EF02943004A8DB4 /* PokedexTests */ = {
			isa = PBXGroup;
			children = (
				C31F30601EF02943004A8DB4 /* PokedexTests.swift */,
				C31F30621EF02943004A8DB4 /* Info.plist */,
			);
			path = PokedexTests;
			sourceTree = "<group>";
		};
		C31F306A1EF02943004A8DB4 /* PokedexUITests */ = {
			isa = PBXGroup;
			children = (
				C31F306B1EF02943004A8DB4 /* PokedexUITests.swift */,
				C31F306D1EF02943004A8DB4 /* Info.plist */,
			);
			path = PokedexUITests;
			sourceTree = "<group>";
		};
		C31F307B1EF02A4D004A8DB4 /* Model */ = {
			isa = PBXGroup;
			children = (
				C31F30791EF02A46004A8DB4 /* Pokemon.swift */,
			);
			name = Model;
			sourceTree = "<group>";
		};
		C31F307C1EF03543004A8DB4 /* View */ = {
			isa = PBXGroup;
			children = (
				C31F307D1EF03584004A8DB4 /* PokCell.swift */,
			);
			name = View;
			sourceTree = "<group>";
		};
/* End PBXGroup section */

/* Begin PBXNativeTarget section */
		C31F30471EF02943004A8DB4 /* Pokedex */ = {
			isa = PBXNativeTarget;
			buildConfigurationList = C31F30701EF02943004A8DB4 /* Build configuration list for PBXNativeTarget "Pokedex" */;
			buildPhases = (
				C31F30441EF02943004A8DB4 /* Sources */,
				C31F30451EF02943004A8DB4 /* Frameworks */,
				C31F30461EF02943004A8DB4 /* Resources */,
			);
			buildRules = (
			);
			dependencies = (
			);
			name = Pokedex;
			productName = Pokedex;
			productReference = C31F30481EF02943004A8DB4 /* Pokedex.app */;
			productType = "com.apple.product-type.application";
		};
		C31F305B1EF02943004A8DB4 /* PokedexTests */ = {
			isa = PBXNativeTarget;
			buildConfigurationList = C31F30731EF02943004A8DB4 /* Build configuration list for PBXNativeTarget "PokedexTests" */;
			buildPhases = (
				C31F30581EF02943004A8DB4 /* Sources */,
				C31F30591EF02943004A8DB4 /* Frameworks */,
				C31F305A1EF02943004A8DB4 /* Resources */,
			);
			buildRules = (
			);
			dependencies = (
				C31F305E1EF02943004A8DB4 /* PBXTargetDependency */,
			);
			name = PokedexTests;
			productName = PokedexTests;
			productReference = C31F305C1EF02943004A8DB4 /* PokedexTests.xctest */;
			productType = "com.apple.product-type.bundle.unit-test";
		};
		C31F30661EF02943004A8DB4 /* PokedexUITests */ = {
			isa = PBXNativeTarget;
			buildConfigurationList = C31F30761EF02943004A8DB4 /* Build configuration list for PBXNativeTarget "PokedexUITests" */;
			buildPhases = (
				C31F30631EF02943004A8DB4 /* Sources */,
				C31F30641EF02943004A8DB4 /* Frameworks */,
				C31F30651EF02943004A8DB4 /* Resources */,
			);
			buildRules = (
			);
			dependencies = (
				C31F30691EF02943004A8DB4 /* PBXTargetDependency */,
			);
			name = PokedexUITests;
			productName = PokedexUITests;
			productReference = C31F30671EF02943004A8DB4 /* PokedexUITests.xctest */;
			productType = "com.apple.product-type.bundle.ui-testing";
		};
/* End PBXNativeTarget section */

/* Begin PBXProject section */
		C31F30401EF02943004A8DB4 /* Project object */ = {
			isa = PBXProject;
			attributes = {
				LastSwiftUpdateCheck = 0830;
				LastUpgradeCheck = 0830;
				ORGANIZATIONNAME = "Wasim Alatrash";
				TargetAttributes = {
					C31F30471EF02943004A8DB4 = {
						CreatedOnToolsVersion = 8.3.3;
						ProvisioningStyle = Automatic;
					};
					C31F305B1EF02943004A8DB4 = {
						CreatedOnToolsVersion = 8.3.3;
						ProvisioningStyle = Automatic;
						TestTargetID = C31F30471EF02943004A8DB4;
					};
					C31F30661EF02943004A8DB4 = {
						CreatedOnToolsVersion = 8.3.3;
						ProvisioningStyle = Automatic;
						TestTargetID = C31F30471EF02943004A8DB4;
					};
				};
			};
			buildConfigurationList = C31F30431EF02943004A8DB4 /* Build configuration list for PBXProject "Pokedex" */;
			compatibilityVersion = "Xcode 3.2";
			developmentRegion = English;
			hasScannedForEncodings = 0;
			knownRegions = (
				en,
				Base,
			);
			mainGroup = C31F303F1EF02943004A8DB4;
			productRefGroup = C31F30491EF02943004A8DB4 /* Products */;
			projectDirPath = "";
			projectRoot = "";
			targets = (
				C31F30471EF02943004A8DB4 /* Pokedex */,
				C31F305B1EF02943004A8DB4 /* PokedexTests */,
				C31F30661EF02943004A8DB4 /* PokedexUITests */,
			);
		};
/* End PBXProject section */

/* Begin PBXResourcesBuildPhase section */
		C31F30461EF02943004A8DB4 /* Resources */ = {
			isa = PBXResourcesBuildPhase;
			buildActionMask = 2147483647;
			files = (
				C31F30561EF02943004A8DB4 /* LaunchScreen.storyboard in Resources */,
				C31F30531EF02943004A8DB4 /* Assets.xcassets in Resources */,
				C31F30511EF02943004A8DB4 /* Main.storyboard in Resources */,
			);
			runOnlyForDeploymentPostprocessing = 0;
		};
		C31F305A1EF02943004A8DB4 /* Resources */ = {
			isa = PBXResourcesBuildPhase;
			buildActionMask = 2147483647;
			files = (
			);
			runOnlyForDeploymentPostprocessing = 0;
		};
		C31F30651EF02943004A8DB4 /* Resources */ = {
			isa = PBXResourcesBuildPhase;
			buildActionMask = 2147483647;
			files = (
			);
			runOnlyForDeploymentPostprocessing = 0;
		};
/* End PBXResourcesBuildPhase section */

/* Begin PBXSourcesBuildPhase section */
		C31F30441EF02943004A8DB4 /* Sources */ = {
			isa = PBXSourcesBuildPhase;
			buildActionMask = 2147483647;
			files = (
				C31F304E1EF02943004A8DB4 /* ViewController.swift in Sources */,
				C31F304C1EF02943004A8DB4 /* AppDelegate.swift in Sources */,
				C31F307E1EF03584004A8DB4 /* PokCell.swift in Sources */,
				C31F307A1EF02A46004A8DB4 /* Pokemon.swift in Sources */,
			);
			runOnlyForDeploymentPostprocessing = 0;
		};
		C31F30581EF02943004A8DB4 /* Sources */ = {
			isa = PBXSourcesBuildPhase;
			buildActionMask = 2147483647;
			files = (
				C31F30611EF02943004A8DB4 /* PokedexTests.swift in Sources */,
			);
			runOnlyForDeploymentPostprocessing = 0;
		};
		C31F30631EF02943004A8DB4 /* Sources */ = {
			isa = PBXSourcesBuildPhase;
			buildActionMask = 2147483647;
			files = (
				C31F306C1EF02943004A8DB4 /* PokedexUITests.swift in Sources */,
			);
			runOnlyForDeploymentPostprocessing = 0;
		};
/* End PBXSourcesBuildPhase section */

/* Begin PBXTargetDependency section */
		C31F305E1EF02943004A8DB4 /* PBXTargetDependency */ = {
			isa = PBXTargetDependency;
			target = C31F30471EF02943004A8DB4 /* Pokedex */;
			targetProxy = C31F305D1EF02943004A8DB4 /* PBXContainerItemProxy */;
		};
		C31F30691EF02943004A8DB4 /* PBXTargetDependency */ = {
			isa = PBXTargetDependency;
			target = C31F30471EF02943004A8DB4 /* Pokedex */;
			targetProxy = C31F30681EF02943004A8DB4 /* PBXContainerItemProxy */;
		};
/* End PBXTargetDependency section */

/* Begin PBXVariantGroup section */
		C31F304F1EF02943004A8DB4 /* Main.storyboard */ = {
			isa = PBXVariantGroup;
			children = (
				C31F30501EF02943004A8DB4 /* Base */,
			);
			name = Main.storyboard;
			sourceTree = "<group>";
		};
		C31F30541EF02943004A8DB4 /* LaunchScreen.storyboard */ = {
			isa = PBXVariantGroup;
			children = (
				C31F30551EF02943004A8DB4 /* Base */,
			);
			name = LaunchScreen.storyboard;
			sourceTree = "<group>";
		};
/* End PBXVariantGroup section */

/* Begin XCBuildConfiguration section */
		C31F306E1EF02943004A8DB4 /* Debug */ = {
			isa = XCBuildConfiguration;
			buildSettings = {
				ALWAYS_SEARCH_USER_PATHS = NO;
				CLANG_ANALYZER_NONNULL = YES;
				CLANG_ANALYZER_NUMBER_OBJECT_CONVERSION = YES_AGGRESSIVE;
				CLANG_CXX_LANGUAGE_STANDARD = "gnu++0x";
				CLANG_CXX_LIBRARY = "libc++";
				CLANG_ENABLE_MODULES = YES;
				CLANG_ENABLE_OBJC_ARC = YES;
				CLANG_WARN_BOOL_CONVERSION = YES;
				CLANG_WARN_CONSTANT_CONVERSION = YES;
				CLANG_WARN_DIRECT_OBJC_ISA_USAGE = YES_ERROR;
				CLANG_WARN_DOCUMENTATION_COMMENTS = YES;
				CLANG_WARN_EMPTY_BODY = YES;
				CLANG_WARN_ENUM_CONVERSION = YES;
				CLANG_WARN_INFINITE_RECURSION = YES;
				CLANG_WARN_INT_CONVERSION = YES;
				CLANG_WARN_OBJC_ROOT_CLASS = YES_ERROR;
				CLANG_WARN_SUSPICIOUS_MOVE = YES;
				CLANG_WARN_UNREACHABLE_CODE = YES;
				CLANG_WARN__DUPLICATE_METHOD_MATCH = YES;
				"CODE_SIGN_IDENTITY[sdk=iphoneos*]" = "iPhone Developer";
				COPY_PHASE_STRIP = NO;
				DEBUG_INFORMATION_FORMAT = dwarf;
				ENABLE_STRICT_OBJC_MSGSEND = YES;
				ENABLE_TESTABILITY = YES;
				GCC_C_LANGUAGE_STANDARD = gnu99;
				GCC_DYNAMIC_NO_PIC = NO;
				GCC_NO_COMMON_BLOCKS = YES;
				GCC_OPTIMIZATION_LEVEL = 0;
				GCC_PREPROCESSOR_DEFINITIONS = (
					"DEBUG=1",
					"$(inherited)",
				);
				GCC_WARN_64_TO_32_BIT_CONVERSION = YES;
				GCC_WARN_ABOUT_RETURN_TYPE = YES_ERROR;
				GCC_WARN_UNDECLARED_SELECTOR = YES;
				GCC_WARN_UNINITIALIZED_AUTOS = YES_AGGRESSIVE;
				GCC_WARN_UNUSED_FUNCTION = YES;
				GCC_WARN_UNUSED_VARIABLE = YES;
				IPHONEOS_DEPLOYMENT_TARGET = 10.3;
				MTL_ENABLE_DEBUG_INFO = YES;
				ONLY_ACTIVE_ARCH = YES;
				SDKROOT = iphoneos;
				SWIFT_ACTIVE_COMPILATION_CONDITIONS = DEBUG;
				SWIFT_OPTIMIZATION_LEVEL = "-Onone";
				TARGETED_DEVICE_FAMILY = "1,2";
			};
			name = Debug;
		};
		C31F306F1EF02943004A8DB4 /* Release */ = {
			isa = XCBuildConfiguration;
			buildSettings = {
				ALWAYS_SEARCH_USER_PATHS = NO;
				CLANG_ANALYZER_NONNULL = YES;
				CLANG_ANALYZER_NUMBER_OBJECT_CONVERSION = YES_AGGRESSIVE;
				CLANG_CXX_LANGUAGE_STANDARD = "gnu++0x";
				CLANG_CXX_LIBRARY = "libc++";
				CLANG_ENABLE_MODULES = YES;
				CLANG_ENABLE_OBJC_ARC = YES;
				CLANG_WARN_BOOL_CONVERSION = YES;
				CLANG_WARN_CONSTANT_CONVERSION = YES;
				CLANG_WARN_DIRECT_OBJC_ISA_USAGE = YES_ERROR;
				CLANG_WARN_DOCUMENTATION_COMMENTS = YES;
				CLANG_WARN_EMPTY_BODY = YES;
				CLANG_WARN_ENUM_CONVERSION = YES;
				CLANG_WARN_INFINITE_RECURSION = YES;
				CLANG_WARN_INT_CONVERSION = YES;
				CLANG_WARN_OBJC_ROOT_CLASS = YES_ERROR;
				CLANG_WARN_SUSPICIOUS_MOVE = YES;
				CLANG_WARN_UNREACHABLE_CODE = YES;
				CLANG_WARN__DUPLICATE_METHOD_MATCH = YES;
				"CODE_SIGN_IDENTITY[sdk=iphoneos*]" = "iPhone Developer";
				COPY_PHASE_STRIP = NO;
				DEBUG_INFORMATION_FORMAT = "dwarf-with-dsym";
				ENABLE_NS_ASSERTIONS = NO;
				ENABLE_STRICT_OBJC_MSGSEND = YES;
				GCC_C_LANGUAGE_STANDARD = gnu99;
				GCC_NO_COMMON_BLOCKS = YES;
				GCC_WARN_64_TO_32_BIT_CONVERSION = YES;
				GCC_WARN_ABOUT_RETURN_TYPE = YES_ERROR;
				GCC_WARN_UNDECLARED_SELECTOR = YES;
				GCC_WARN_UNINITIALIZED_AUTOS = YES_AGGRESSIVE;
				GCC_WARN_UNUSED_FUNCTION = YES;
				GCC_WARN_UNUSED_VARIABLE = YES;
				IPHONEOS_DEPLOYMENT_TARGET = 10.3;
				MTL_ENABLE_DEBUG_INFO = NO;
				SDKROOT = iphoneos;
				SWIFT_OPTIMIZATION_LEVEL = "-Owholemodule";
				TARGETED_DEVICE_FAMILY = "1,2";
				VALIDATE_PRODUCT = YES;
			};
			name = Release;
		};
		C31F30711EF02943004A8DB4 /* Debug */ = {
			isa = XCBuildConfiguration;
			buildSettings = {
				ASSETCATALOG_COMPILER_APPICON_NAME = AppIcon;
				INFOPLIST_FILE = Pokedex/Info.plist;
				LD_RUNPATH_SEARCH_PATHS = "$(inherited) @executable_path/Frameworks";
				PRODUCT_BUNDLE_IDENTIFIER = com.dotwasim.Pokedex;
				PRODUCT_NAME = "$(TARGET_NAME)";
				SWIFT_VERSION = 3.0;
			};
			name = Debug;
		};
		C31F30721EF02943004A8DB4 /* Release */ = {
			isa = XCBuildConfiguration;
			buildSettings = {
				ASSETCATALOG_COMPILER_APPICON_NAME = AppIcon;
				INFOPLIST_FILE = Pokedex/Info.plist;
				LD_RUNPATH_SEARCH_PATHS = "$(inherited) @executable_path/Frameworks";
				PRODUCT_BUNDLE_IDENTIFIER = com.dotwasim.Pokedex;
				PRODUCT_NAME = "$(TARGET_NAME)";
				SWIFT_VERSION = 3.0;
			};
			name = Release;
		};
		C31F30741EF02943004A8DB4 /* Debug */ = {
			isa = XCBuildConfiguration;
			buildSettings = {
				ALWAYS_EMBED_SWIFT_STANDARD_LIBRARIES = YES;
				BUNDLE_LOADER = "$(TEST_HOST)";
				INFOPLIST_FILE = PokedexTests/Info.plist;
				LD_RUNPATH_SEARCH_PATHS = "$(inherited) @executable_path/Frameworks @loader_path/Frameworks";
				PRODUCT_BUNDLE_IDENTIFIER = com.dotwasim.PokedexTests;
				PRODUCT_NAME = "$(TARGET_NAME)";
				SWIFT_VERSION = 3.0;
				TEST_HOST = "$(BUILT_PRODUCTS_DIR)/Pokedex.app/Pokedex";
			};
			name = Debug;
		};
		C31F30751EF02943004A8DB4 /* Release */ = {
			isa = XCBuildConfiguration;
			buildSettings = {
				ALWAYS_EMBED_SWIFT_STANDARD_LIBRARIES = YES;
				BUNDLE_LOADER = "$(TEST_HOST)";
				INFOPLIST_FILE = PokedexTests/Info.plist;
				LD_RUNPATH_SEARCH_PATHS = "$(inherited) @executable_path/Frameworks @loader_path/Frameworks";
				PRODUCT_BUNDLE_IDENTIFIER = com.dotwasim.PokedexTests;
				PRODUCT_NAME = "$(TARGET_NAME)";
				SWIFT_VERSION = 3.0;
				TEST_HOST = "$(BUILT_PRODUCTS_DIR)/Pokedex.app/Pokedex";
			};
			name = Release;
		};
		C31F30771EF02943004A8DB4 /* Debug */ = {
			isa = XCBuildConfiguration;
			buildSettings = {
				ALWAYS_EMBED_SWIFT_STANDARD_LIBRARIES = YES;
				INFOPLIST_FILE = PokedexUITests/Info.plist;
				LD_RUNPATH_SEARCH_PATHS = "$(inherited) @executable_path/Frameworks @loader_path/Frameworks";
				PRODUCT_BUNDLE_IDENTIFIER = com.dotwasim.PokedexUITests;
				PRODUCT_NAME = "$(TARGET_NAME)";
				SWIFT_VERSION = 3.0;
				TEST_TARGET_NAME = Pokedex;
			};
			name = Debug;
		};
		C31F30781EF02943004A8DB4 /* Release */ = {
			isa = XCBuildConfiguration;
			buildSettings = {
				ALWAYS_EMBED_SWIFT_STANDARD_LIBRARIES = YES;
				INFOPLIST_FILE = PokedexUITests/Info.plist;
				LD_RUNPATH_SEARCH_PATHS = "$(inherited) @executable_path/Frameworks @loader_path/Frameworks";
				PRODUCT_BUNDLE_IDENTIFIER = com.dotwasim.PokedexUITests;
				PRODUCT_NAME = "$(TARGET_NAME)";
				SWIFT_VERSION = 3.0;
				TEST_TARGET_NAME = Pokedex;
			};
			name = Release;
		};
/* End XCBuildConfiguration section */

/* Begin XCConfigurationList section */
		C31F30431EF02943004A8DB4 /* Build configuration list for PBXProject "Pokedex" */ = {
			isa = XCConfigurationList;
			buildConfigurations = (
				C31F306E1EF02943004A8DB4 /* Debug */,
				C31F306F1EF02943004A8DB4 /* Release */,
			);
			defaultConfigurationIsVisible = 0;
			defaultConfigurationName = Release;
		};
		C31F30701EF02943004A8DB4 /* Build configuration list for PBXNativeTarget "Pokedex" */ = {
			isa = XCConfigurationList;
			buildConfigurations = (
				C31F30711EF02943004A8DB4 /* Debug */,
				C31F30721EF02943004A8DB4 /* Release */,
			);
			defaultConfigurationIsVisible = 0;
		};
		C31F30731EF02943004A8DB4 /* Build configuration list for PBXNativeTarget "PokedexTests" */ = {
			isa = XCConfigurationList;
			buildConfigurations = (
				C31F30741EF02943004A8DB4 /* Debug */,
				C31F30751EF02943004A8DB4 /* Release */,
			);
			defaultConfigurationIsVisible = 0;
		};
		C31F30761EF02943004A8DB4 /* Build configuration list for PBXNativeTarget "PokedexUITests" */ = {
			isa = XCConfigurationList;
			buildConfigurations = (
				C31F30771EF02943004A8DB4 /* Debug */,
				C31F30781EF02943004A8DB4 /* Release */,
			);
			defaultConfigurationIsVisible = 0;
		};
/* End XCConfigurationList section */
	};
	rootObject = C31F30401EF02943004A8DB4 /* Project object */;
}
